[root]
name = "git-fs"
version = "0.0.1-pre"
dependencies = [
 "fuse 0.2.0 (git+https://github.com/zargony/rust-fuse#a87ca2a63666bd216743e1a73f29ae26477041e0)",
 "git2 0.0.1 (git+https://github.com/alexcrichton/git2-rs#35a0632e92d63de8218675a17cd81e15d0de44b4)",
 "probe 0.1.0 (git+https://github.com/cuviper/rust-libprobe#9f1ca4985517e562c57bf9638c2f0e524f1e32c5)",
]

[[package]]
name = "encoding"
version = "0.1.0"
source = "git+https://github.com/lifthrasiir/rust-encoding#a739425a3f3174a31fe38c158dcaf22ea1d856f4"

[[package]]
name = "fuse"
version = "0.2.0"
source = "git+https://github.com/zargony/rust-fuse#a87ca2a63666bd216743e1a73f29ae26477041e0"

[[package]]
name = "git2"
version = "0.0.1"
source = "git+https://github.com/alexcrichton/git2-rs#35a0632e92d63de8218675a17cd81e15d0de44b4"
dependencies = [
 "libgit2 0.0.1 (git+https://github.com/alexcrichton/git2-rs#35a0632e92d63de8218675a17cd81e15d0de44b4)",
 "url 0.1.0 (git+https://github.com/servo/rust-url#9142b86a812ac5bc886f76235585557d8e002246)",
]

[[package]]
name = "libgit2"
version = "0.0.1"
source = "git+https://github.com/alexcrichton/git2-rs#35a0632e92d63de8218675a17cd81e15d0de44b4"
dependencies = [
 "libssh2-static-sys 0.0.1 (git+https://github.com/alexcrichton/libssh2-static-sys#80e71a3021618eb05656c58fb7c5ef5f12bc747f)",
 "link-config 0.0.1 (git+https://github.com/alexcrichton/link-config#7c56ef12c8a49bedb0357e2a50af9ba79bf0ae1b)",
 "openssl-static-sys 0.0.1 (git+https://github.com/alexcrichton/openssl-static-sys#2e1c50a7f35ef52ce38dbd405a175b6dccc0ebad)",
]

[[package]]
name = "libssh2-static-sys"
version = "0.0.1"
source = "git+https://github.com/alexcrichton/libssh2-static-sys#80e71a3021618eb05656c58fb7c5ef5f12bc747f"

[[package]]
name = "link-config"
version = "0.0.1"
source = "git+https://github.com/alexcrichton/link-config#7c56ef12c8a49bedb0357e2a50af9ba79bf0ae1b"

[[package]]
name = "openssl-static-sys"
version = "0.0.1"
source = "git+https://github.com/alexcrichton/openssl-static-sys#2e1c50a7f35ef52ce38dbd405a175b6dccc0ebad"

[[package]]
name = "probe"
version = "0.1.0"
source = "git+https://github.com/cuviper/rust-libprobe#9f1ca4985517e562c57bf9638c2f0e524f1e32c5"

[[package]]
name = "url"
version = "0.1.0"
source = "git+https://github.com/servo/rust-url#9142b86a812ac5bc886f76235585557d8e002246"
dependencies = [
 "encoding 0.1.0 (git+https://github.com/lifthrasiir/rust-encoding#a739425a3f3174a31fe38c158dcaf22ea1d856f4)",
]

